{
  "R": {
    "Version": "4.2.2",
    "Repositories": [
      {
        "Name": "CRAN",
        "URL": "https://cloud.r-project.org"
      }
    ]
  },
  "Packages": {
    "BH": {
      "Package": "BH",
      "Version": "1.81.0-1",
      "Source": "Repository",
      "Repository": "CRAN",
      "Hash": "c5c9851b00b014cc358ff418741a9784"
    },
    "MASS": {
      "Package": "MASS",
      "Version": "7.3-58.2",
      "Source": "Repository",
      "Repository": "CRAN",
      "Requirements": [
        "R",
        "grDevices",
        "graphics",
        "methods",
        "stats",
        "utils"
      ],
      "Hash": "e02d1a0f6122fd3e634b25b433704344"
    },
    "Matrix": {
      "Package": "Matrix",
      "Version": "1.5-3",
      "Source": "Repository",
      "Repository": "CRAN",
      "Requirements": [
        "R",
        "graphics",
        "grid",
        "lattice",
        "methods",
        "stats",
        "utils"
      ],
      "Hash": "988a8b9898d3e3da74e36a54f462262e"
    },
    "R6": {
      "Package": "R6",
      "Version": "2.5.1",
      "Source": "Repository",
      "Repository": "CRAN",
      "Requirements": [
        "R"
      ],
      "Hash": "470851b6d5d0ac559e9d01bb352b4021"
    },
    "RColorBrewer": {
      "Package": "RColorBrewer",
      "Version": "1.1-3",
      "Source": "Repository",
      "Repository": "CRAN",
      "Requirements": [
        "R"
      ],
      "Hash": "11f9a0aaa4ca72bdfc3630153bdcab2d"
    },
    "Rcpp": {
      "Package": "Rcpp",
      "Version": "1.0.10",
      "Source": "Repository",
      "Repository": "CRAN",
      "Requirements": [
        "methods",
        "utils"
      ],
      "Hash": "a3f483b1cb1314f420924cacc17c2aa8"
    },
    "anytime": {
      "Package": "anytime",
      "Version": "0.3.9",
      "Source": "Repository",
      "Repository": "CRAN",
      "Requirements": [
        "BH",
        "R",
        "Rcpp"
      ],
      "Hash": "74a64813f17b492da9c6afda6b128e3d"
    },
    "askpass": {
      "Package": "askpass",
      "Version": "1.1",
      "Source": "Repository",
      "Repository": "CRAN",
      "Requirements": [
        "sys"
      ],
      "Hash": "40223c3920b552b73dbd3c9b17f278b8"
    },
    "backports": {
      "Package": "backports",
      "Version": "1.4.1",
      "Source": "Repository",
      "Repository": "CRAN",
      "Requirements": [
        "R"
      ],
      "Hash": "c39fbec8a30d23e721980b8afb31984c"
    },
    "base64enc": {
      "Package": "base64enc",
      "Version": "0.1-3",
      "Source": "Repository",
      "Repository": "CRAN",
      "Requirements": [
        "R"
      ],
      "Hash": "543776ae6848fde2f48ff3816d0628bc"
    },
    "bit": {
      "Package": "bit",
      "Version": "4.0.5",
      "Source": "Repository",
      "Repository": "CRAN",
      "Requirements": [
        "R"
      ],
      "Hash": "d242abec29412ce988848d0294b208fd"
    },
    "bit64": {
      "Package": "bit64",
      "Version": "4.0.5",
      "Source": "Repository",
      "Repository": "CRAN",
      "Requirements": [
        "R",
        "bit",
        "methods",
        "stats",
        "utils"
      ],
      "Hash": "c81b666e218d604591980877aae6b88a"
    },
    "bslib": {
      "Package": "bslib",
      "Version": "0.4.2",
      "Source": "Repository",
      "Repository": "CRAN",
      "Requirements": [
        "R",
        "base64enc",
        "cachem",
        "grDevices",
        "htmltools",
        "jquerylib",
        "jsonlite",
        "memoise",
        "mime",
        "rlang",
        "sass"
      ],
      "Hash": "a7fbf03946ad741129dc81098722fca1"
    },
    "cachem": {
      "Package": "cachem",
      "Version": "1.0.7",
      "Source": "Repository",
      "Repository": "CRAN",
      "Requirements": [
        "fastmap",
        "rlang"
      ],
      "Hash": "cda74447c42f529de601fe4d4050daef"
    },
    "checkmate": {
      "Package": "checkmate",
      "Version": "2.1.0",
      "Source": "Repository",
      "Repository": "CRAN",
      "Requirements": [
        "R",
        "backports",
        "utils"
      ],
      "Hash": "ec8adb4431720ffb133bdadbb6251a53"
    },
    "cli": {
      "Package": "cli",
      "Version": "3.6.0",
      "Source": "Repository",
      "Repository": "CRAN",
      "Requirements": [
        "R",
        "utils"
      ],
      "Hash": "980be0d23c88a8d922095a0a414f6c5b"
    },
    "clipr": {
      "Package": "clipr",
      "Version": "0.8.0",
      "Source": "Repository",
      "Repository": "CRAN",
      "Requirements": [
        "utils"
      ],
      "Hash": "3f038e5ac7f41d4ac41ce658c85e3042"
    },
    "colorspace": {
      "Package": "colorspace",
      "Version": "2.1-0",
      "Source": "Repository",
      "Repository": "CRAN",
      "Requirements": [
        "R",
        "grDevices",
        "graphics",
        "methods",
        "stats"
      ],
      "Hash": "751474c90000d00c20616ed54a441212"
    },
    "commonmark": {
      "Package": "commonmark",
      "Version": "1.8.1",
      "Source": "Repository",
      "Repository": "CRAN",
      "Hash": "b6e3e947d1d7ebf3d2bdcea1bde63fe7"
    },
    "cowplot": {
      "Package": "cowplot",
      "Version": "1.1.1",
      "Source": "Repository",
      "Repository": "CRAN",
      "Requirements": [
        "R",
        "ggplot2",
        "grDevices",
        "grid",
        "gtable",
        "methods",
        "rlang",
        "scales"
      ],
      "Hash": "b418e8423699d11c7f2087c2bfd07da2"
    },
    "cpp11": {
      "Package": "cpp11",
      "Version": "0.4.3",
      "Source": "Repository",
      "Repository": "CRAN",
      "Hash": "ed588261931ee3be2c700d22e94a29ab"
    },
    "crayon": {
      "Package": "crayon",
      "Version": "1.5.2",
      "Source": "Repository",
      "Repository": "CRAN",
      "Requirements": [
        "grDevices",
        "methods",
        "utils"
      ],
      "Hash": "e8a1e41acf02548751f45c718d55aa6a"
    },
    "crosstalk": {
      "Package": "crosstalk",
      "Version": "1.2.0",
      "Source": "Repository",
      "Repository": "CRAN",
      "Requirements": [
        "R6",
        "htmltools",
        "jsonlite",
        "lazyeval"
      ],
      "Hash": "36c09349131ba4262ea2ecbd1c9a4bd3"
    },
    "curl": {
      "Package": "curl",
      "Version": "5.0.0",
      "Source": "Repository",
      "Repository": "CRAN",
      "Requirements": [
        "R"
      ],
      "Hash": "e4f97056611e8e6b8b852d13b7400cf1"
    },
    "data.table": {
      "Package": "data.table",
      "Version": "1.14.9",
      "Source": "GitHub",
      "RemoteType": "github",
      "RemoteHost": "api.github.com",
      "RemoteUsername": "Rdatatable",
      "RemoteRepo": "data.table",
      "RemoteRef": "master",
      "RemoteSha": "88039186915028ab3c93ccfd8e22c0d1c3534b1a",
      "Requirements": [
        "R",
        "methods"
      ],
      "Hash": "09540652aad2b610e79814b7512d26f1"
    },
    "digest": {
      "Package": "digest",
      "Version": "0.6.31",
      "Source": "Repository",
      "Repository": "CRAN",
      "Requirements": [
        "R",
        "utils"
      ],
      "Hash": "8b708f296afd9ae69f450f9640be8990"
    },
    "dplyr": {
      "Package": "dplyr",
      "Version": "1.1.0",
      "Source": "Repository",
      "Repository": "CRAN",
      "Requirements": [
        "R",
        "R6",
        "cli",
        "generics",
        "glue",
        "lifecycle",
        "magrittr",
        "methods",
        "pillar",
        "rlang",
        "tibble",
        "tidyselect",
        "utils",
        "vctrs"
      ],
      "Hash": "aa30bb2b062fb3e9aa5cb043b371f54c"
    },
    "ellipsis": {
      "Package": "ellipsis",
      "Version": "0.3.2",
      "Source": "Repository",
      "Repository": "CRAN",
      "Requirements": [
        "R",
        "rlang"
      ],
      "Hash": "3c150f6c43dfb5a76b1a69bfdb8ca287"
    },
    "evaluate": {
      "Package": "evaluate",
      "Version": "0.20",
      "Source": "Repository",
      "Repository": "CRAN",
      "Requirements": [
        "R",
        "methods"
      ],
      "Hash": "6b101790c674172f7d178f2bc686d139"
    },
    "fansi": {
      "Package": "fansi",
      "Version": "1.0.4",
      "Source": "Repository",
      "Repository": "CRAN",
      "Requirements": [
        "R",
        "grDevices",
        "utils"
      ],
      "Hash": "1d9e7ad3c8312a192dea7d3db0274fde"
    },
    "farver": {
      "Package": "farver",
      "Version": "2.1.1",
      "Source": "Repository",
      "Repository": "CRAN",
      "Hash": "ca7a60ee5e058896c95d5189c9d5d218"
    },
    "fastmap": {
      "Package": "fastmap",
      "Version": "1.1.1",
      "Source": "Repository",
      "Repository": "CRAN",
      "Hash": "f7736a18de97dea803bde0a2daaafb27"
    },
    "fontawesome": {
      "Package": "fontawesome",
      "Version": "0.5.0",
      "Source": "Repository",
      "Repository": "CRAN",
      "Requirements": [
        "R",
        "htmltools",
        "rlang"
      ],
      "Hash": "89e0affd52d71464c68e19ecf8b44658"
    },
    "forcats": {
      "Package": "forcats",
      "Version": "1.0.0",
      "Source": "Repository",
      "Repository": "CRAN",
      "Requirements": [
        "R",
        "cli",
        "glue",
        "lifecycle",
        "magrittr",
        "rlang",
        "tibble"
      ],
      "Hash": "1a0a9a3d5083d0d573c4214576f1e690"
    },
    "fs": {
      "Package": "fs",
      "Version": "1.6.1",
      "Source": "Repository",
      "Repository": "CRAN",
      "Requirements": [
        "R",
        "methods"
      ],
      "Hash": "f4dcd23b67e33d851d2079f703e8b985"
    },
    "gargle": {
      "Package": "gargle",
      "Version": "1.3.0",
      "Source": "Repository",
      "Repository": "CRAN",
      "Requirements": [
        "R",
        "cli",
        "fs",
        "glue",
        "httr",
        "jsonlite",
        "lifecycle",
        "openssl",
        "rappdirs",
        "rlang",
        "rstudioapi",
        "stats",
        "utils",
        "withr"
      ],
      "Hash": "1b226f2fd591a99989445d1227b3ba85"
    },
    "generics": {
      "Package": "generics",
      "Version": "0.1.3",
      "Source": "Repository",
      "Repository": "CRAN",
      "Requirements": [
        "R",
        "methods"
      ],
      "Hash": "15e9634c0fcd294799e9b2e929ed1b86"
    },
    "ggplot2": {
      "Package": "ggplot2",
      "Version": "3.4.1",
      "Source": "Repository",
      "Repository": "CRAN",
      "Requirements": [
        "MASS",
        "R",
        "cli",
        "glue",
        "grDevices",
        "grid",
        "gtable",
        "isoband",
        "lifecycle",
        "mgcv",
        "rlang",
        "scales",
        "stats",
        "tibble",
        "vctrs",
        "withr"
      ],
      "Hash": "fcffbe155c7ca41ce910df5e1226ab34"
    },
    "glue": {
      "Package": "glue",
      "Version": "1.6.2",
      "Source": "Repository",
      "Repository": "CRAN",
      "Requirements": [
        "R",
        "methods"
      ],
      "Hash": "2b1a3dfde68e8fdb5c1292474b9d7c63"
    },
    "googledrive": {
      "Package": "googledrive",
      "Version": "2.0.0",
      "Source": "Repository",
      "Repository": "CRAN",
      "Requirements": [
        "R",
        "cli",
        "gargle",
        "glue",
        "httr",
        "jsonlite",
        "lifecycle",
        "magrittr",
        "pillar",
        "purrr",
        "rlang",
        "tibble",
        "utils",
        "uuid",
        "vctrs",
        "withr"
      ],
      "Hash": "2203e91fdf04771d041ac037df5197c3"
    },
    "gridExtra": {
      "Package": "gridExtra",
      "Version": "2.3",
      "Source": "Repository",
      "Repository": "CRAN",
      "Requirements": [
        "grDevices",
        "graphics",
        "grid",
        "gtable",
        "utils"
      ],
      "Hash": "7d7f283939f563670a697165b2cf5560"
    },
    "gtable": {
      "Package": "gtable",
      "Version": "0.3.1",
      "Source": "Repository",
      "Repository": "CRAN",
      "Requirements": [
        "R",
        "grid"
      ],
      "Hash": "36b4265fb818f6a342bed217549cd896"
    },
    "haven": {
      "Package": "haven",
      "Version": "2.5.2",
      "Source": "Repository",
      "Repository": "CRAN",
      "Requirements": [
        "R",
        "cli",
        "cpp11",
        "forcats",
        "hms",
        "lifecycle",
        "methods",
        "readr",
        "rlang",
        "tibble",
        "tidyselect",
        "vctrs"
      ],
      "Hash": "b85018b73f8bb3aecdb618836c9bf68b"
    },
    "highr": {
      "Package": "highr",
      "Version": "0.10",
      "Source": "Repository",
      "Repository": "CRAN",
      "Requirements": [
        "R",
        "xfun"
      ],
      "Hash": "a4c43a88a57355d3e5b2d6e0d0a54a33"
    },
    "hms": {
      "Package": "hms",
      "Version": "1.1.2",
      "Source": "Repository",
      "Repository": "CRAN",
      "Requirements": [
        "ellipsis",
        "lifecycle",
        "methods",
        "pkgconfig",
        "rlang",
        "vctrs"
      ],
      "Hash": "41100392191e1244b887878b533eea91"
    },
    "htmltools": {
      "Package": "htmltools",
      "Version": "0.5.4",
      "Source": "Repository",
      "Repository": "CRAN",
      "Requirements": [
        "R",
        "base64enc",
        "digest",
        "ellipsis",
        "fastmap",
        "grDevices",
        "rlang",
        "utils"
      ],
      "Hash": "0e4da77c570601acad3ad926b98d5636"
    },
    "htmlwidgets": {
      "Package": "htmlwidgets",
      "Version": "1.6.1",
      "Source": "Repository",
      "Repository": "CRAN",
      "Requirements": [
        "grDevices",
        "htmltools",
        "jsonlite",
        "knitr",
        "rmarkdown",
        "yaml"
      ],
      "Hash": "9bc84e6ba2c1c981f1abcb20e531db88"
    },
    "httpuv": {
      "Package": "httpuv",
      "Version": "1.6.9",
      "Source": "Repository",
      "Repository": "CRAN",
      "Requirements": [
        "R",
        "R6",
        "Rcpp",
        "later",
        "promises",
        "utils"
      ],
      "Hash": "1046aa31a57eae8b357267a56a0b6d8b"
    },
    "httr": {
      "Package": "httr",
      "Version": "1.4.5",
      "Source": "Repository",
      "Repository": "CRAN",
      "Requirements": [
        "R",
        "R6",
        "curl",
        "jsonlite",
        "mime",
        "openssl"
      ],
      "Hash": "f6844033201269bec3ca0097bc6c97b3"
    },
    "isoband": {
      "Package": "isoband",
      "Version": "0.2.7",
      "Source": "Repository",
      "Repository": "CRAN",
      "Requirements": [
        "grid",
        "utils"
      ],
      "Hash": "ad4e2fafccf90fd2e6782e7656b9726b"
    },
    "jquerylib": {
      "Package": "jquerylib",
      "Version": "0.1.4",
      "Source": "Repository",
      "Repository": "CRAN",
      "Requirements": [
        "htmltools"
      ],
      "Hash": "5aab57a3bd297eee1c1d862735972182"
    },
    "jsonlite": {
      "Package": "jsonlite",
      "Version": "1.8.4",
      "Source": "Repository",
      "Repository": "CRAN",
      "Requirements": [
        "methods"
      ],
      "Hash": "a4269a09a9b865579b2635c77e572374"
    },
    "knitr": {
      "Package": "knitr",
      "Version": "1.42",
      "Source": "Repository",
      "Repository": "CRAN",
      "Requirements": [
        "R",
        "evaluate",
        "highr",
        "methods",
        "tools",
        "xfun",
        "yaml"
      ],
      "Hash": "4ad7308fe19fb3e3439fe50675972590"
    },
    "labeling": {
      "Package": "labeling",
      "Version": "0.4.2",
      "Source": "Repository",
      "Repository": "CRAN",
      "Requirements": [
        "graphics",
        "stats"
      ],
      "Hash": "3d5108641f47470611a32d0bdf357a72"
    },
    "later": {
      "Package": "later",
      "Version": "1.3.0",
      "Source": "Repository",
      "Repository": "CRAN",
      "Requirements": [
        "Rcpp",
        "rlang"
      ],
      "Hash": "b07c74bc53796710068b770761acbab8"
    },
    "lattice": {
      "Package": "lattice",
      "Version": "0.20-45",
      "Source": "Repository",
      "Repository": "CRAN",
      "Requirements": [
        "R",
        "grDevices",
        "graphics",
        "grid",
        "stats",
        "utils"
      ],
      "Hash": "b64cdbb2b340437c4ee047a1f4c4377b"
    },
    "lazyeval": {
      "Package": "lazyeval",
      "Version": "0.2.2",
      "Source": "Repository",
      "Repository": "CRAN",
      "Requirements": [
        "R"
      ],
      "Hash": "d908914ae53b04d4c0c0fd72ecc35370"
    },
    "lifecycle": {
      "Package": "lifecycle",
      "Version": "1.0.3",
      "Source": "Repository",
      "Repository": "CRAN",
      "Requirements": [
        "R",
        "cli",
        "glue",
        "rlang"
      ],
      "Hash": "f64421e91f757d0cdc1b3844591e5f34"
    },
    "magrittr": {
      "Package": "magrittr",
      "Version": "2.0.3",
      "Source": "Repository",
      "Repository": "CRAN",
      "Requirements": [
        "R"
      ],
      "Hash": "7ce2733a9826b3aeb1775d56fd305472"
    },
    "memoise": {
      "Package": "memoise",
      "Version": "2.0.1",
      "Source": "Repository",
      "Repository": "CRAN",
      "Requirements": [
        "cachem",
        "rlang"
      ],
      "Hash": "e2817ccf4a065c5d9d7f2cfbe7c1d78c"
    },
    "mgcv": {
      "Package": "mgcv",
      "Version": "1.8-42",
      "Source": "Repository",
      "Repository": "CRAN",
      "Requirements": [
        "Matrix",
        "R",
        "graphics",
        "methods",
        "nlme",
        "splines",
        "stats",
        "utils"
      ],
      "Hash": "7cc9d1edbf39199cab2ba15ad153fbbc"
    },
    "mime": {
      "Package": "mime",
      "Version": "0.12",
      "Source": "Repository",
      "Repository": "CRAN",
      "Requirements": [
        "tools"
      ],
      "Hash": "18e9c28c1d3ca1560ce30658b22ce104"
    },
    "munsell": {
      "Package": "munsell",
      "Version": "0.5.0",
      "Source": "Repository",
      "Repository": "CRAN",
      "Requirements": [
        "colorspace",
        "methods"
      ],
      "Hash": "6dfe8bf774944bd5595785e3229d8771"
    },
    "nlme": {
      "Package": "nlme",
      "Version": "3.1-162",
      "Source": "Repository",
      "Repository": "CRAN",
      "Requirements": [
        "R",
        "graphics",
        "lattice",
        "stats",
        "utils"
      ],
      "Hash": "0984ce8da8da9ead8643c5cbbb60f83e"
    },
    "openssl": {
      "Package": "openssl",
      "Version": "2.0.5",
      "Source": "Repository",
      "Repository": "CRAN",
      "Requirements": [
        "askpass"
      ],
      "Hash": "b04c27110bf367b4daa93f34f3d58e75"
    },
    "packrat": {
      "Package": "packrat",
      "Version": "0.9.1",
      "Source": "Repository",
      "Repository": "CRAN",
      "Requirements": [
        "R",
        "tools",
        "utils"
      ],
      "Hash": "481428983c19a7c443f7ea1beff0a2de"
    },
    "pillar": {
      "Package": "pillar",
      "Version": "1.8.1",
      "Source": "Repository",
      "Repository": "CRAN",
      "Requirements": [
        "cli",
        "fansi",
        "glue",
        "lifecycle",
        "rlang",
        "utf8",
        "utils",
        "vctrs"
      ],
      "Hash": "f2316df30902c81729ae9de95ad5a608"
    },
    "pkgconfig": {
      "Package": "pkgconfig",
      "Version": "2.0.3",
      "Source": "Repository",
      "Repository": "CRAN",
      "Requirements": [
        "utils"
      ],
      "Hash": "01f28d4278f15c76cddbea05899c5d6f"
    },
    "plotly": {
      "Package": "plotly",
      "Version": "4.10.1",
      "Source": "Repository",
      "Repository": "CRAN",
      "Requirements": [
        "R",
        "RColorBrewer",
        "base64enc",
        "crosstalk",
        "data.table",
        "digest",
        "dplyr",
        "ggplot2",
        "htmltools",
        "htmlwidgets",
        "httr",
        "jsonlite",
        "lazyeval",
        "magrittr",
        "promises",
        "purrr",
        "rlang",
        "scales",
        "tibble",
        "tidyr",
        "tools",
        "vctrs",
        "viridisLite"
      ],
      "Hash": "dfa1f5744d9fdf06679376dd7fed9483"
    },
    "prettyunits": {
      "Package": "prettyunits",
      "Version": "1.1.1",
      "Source": "Repository",
      "Repository": "CRAN",
      "Hash": "81c57d57b74d2901633293b50822b51e"
    },
    "progress": {
      "Package": "progress",
      "Version": "1.2.2",
      "Source": "Repository",
      "Repository": "CRAN",
      "Requirements": [
        "R6",
        "crayon",
        "hms",
        "prettyunits"
      ],
      "Hash": "14dc9f7a3c91ebb14ec5bb9208a07061"
    },
    "promises": {
      "Package": "promises",
      "Version": "1.2.0.1",
      "Source": "Repository",
      "Repository": "CRAN",
      "Requirements": [
        "R6",
        "Rcpp",
        "later",
        "magrittr",
        "rlang",
        "stats"
      ],
      "Hash": "4ab2c43adb4d4699cf3690acd378d75d"
    },
    "purrr": {
      "Package": "purrr",
      "Version": "1.0.1",
      "Source": "Repository",
      "Repository": "CRAN",
      "Requirements": [
        "R",
        "cli",
        "lifecycle",
        "magrittr",
        "rlang",
        "vctrs"
      ],
      "Hash": "d71c815267c640f17ddbf7f16144b4bb"
    },
    "rappdirs": {
      "Package": "rappdirs",
      "Version": "0.3.3",
      "Source": "Repository",
      "Repository": "CRAN",
      "Requirements": [
        "R"
      ],
      "Hash": "1c3bb00ca681781e8dacd7378fa17101"
    },
    "readr": {
      "Package": "readr",
      "Version": "2.1.4",
      "Source": "Repository",
      "Repository": "CRAN",
      "Requirements": [
        "R",
        "R6",
        "cli",
        "clipr",
        "cpp11",
        "crayon",
        "hms",
        "lifecycle",
        "methods",
        "rlang",
        "tibble",
        "tzdb",
        "utils",
        "vroom"
      ],
      "Hash": "83ca1f7981960fe314d2edd04d73a0f8"
    },
    "renv": {
      "Package": "renv",
      "Version": "0.17.1",
      "Source": "Repository",
      "Repository": "CRAN",
      "Requirements": [
        "utils"
      ],
      "Hash": "7a319d4e5743230d48bfd9ad42d02c2e"
    },
    "rlang": {
      "Package": "rlang",
      "Version": "1.0.6",
      "Source": "Repository",
      "Repository": "CRAN",
      "Requirements": [
        "R",
        "utils"
      ],
      "Hash": "4ed1f8336c8d52c3e750adcdc57228a7"
    },
    "rmarkdown": {
      "Package": "rmarkdown",
      "Version": "2.20",
      "Source": "Repository",
      "Repository": "CRAN",
      "Requirements": [
        "R",
        "bslib",
        "evaluate",
        "htmltools",
        "jquerylib",
        "jsonlite",
        "knitr",
        "methods",
        "stringr",
        "tinytex",
        "tools",
        "utils",
        "xfun",
        "yaml"
      ],
      "Hash": "b0b840effa7eeaadc6507217e1c31974"
    },
    "rsconnect": {
      "Package": "rsconnect",
      "Version": "0.8.29",
      "Source": "Repository",
      "Repository": "CRAN",
      "Requirements": [
        "R",
        "curl",
        "digest",
        "jsonlite",
        "openssl",
        "packrat",
        "rstudioapi",
        "tools",
        "yaml"
      ],
      "Hash": "fe178fc15af80952f546aafedf655b36"
    },
    "rstudioapi": {
      "Package": "rstudioapi",
      "Version": "0.14",
      "Source": "Repository",
      "Repository": "CRAN",
      "Hash": "690bd2acc42a9166ce34845884459320"
    },
    "sass": {
      "Package": "sass",
      "Version": "0.4.5",
      "Source": "Repository",
      "Repository": "CRAN",
      "Requirements": [
        "R6",
        "fs",
        "htmltools",
        "rappdirs",
        "rlang"
      ],
      "Hash": "bd1a537f5352032a8b7282bb95de46e9"
    },
    "scales": {
      "Package": "scales",
      "Version": "1.2.1",
      "Source": "Repository",
      "Repository": "CRAN",
      "Requirements": [
        "R",
        "R6",
        "RColorBrewer",
        "farver",
        "labeling",
        "lifecycle",
        "munsell",
        "rlang",
        "viridisLite"
      ],
      "Hash": "906cb23d2f1c5680b8ce439b44c6fa63"
    },
    "shiny": {
      "Package": "shiny",
      "Version": "1.7.4",
      "Source": "Repository",
      "Repository": "CRAN",
      "Requirements": [
        "R",
        "R6",
        "bslib",
        "cachem",
        "commonmark",
        "crayon",
        "ellipsis",
        "fastmap",
        "fontawesome",
        "glue",
        "grDevices",
        "htmltools",
        "httpuv",
        "jsonlite",
        "later",
        "lifecycle",
        "methods",
        "mime",
        "promises",
        "rlang",
        "sourcetools",
        "tools",
        "utils",
        "withr",
        "xtable"
      ],
      "Hash": "6f8f861f697b13f4668087a7a0bf224e"
    },
    "shinyWidgets": {
      "Package": "shinyWidgets",
      "Version": "0.7.6",
      "Source": "Repository",
      "Repository": "CRAN",
      "Requirements": [
        "R",
        "anytime",
        "bslib",
        "grDevices",
        "htmltools",
        "jsonlite",
        "rlang",
        "sass",
        "shiny"
      ],
      "Hash": "fd889b32caa37b8ed9b1e9e7ef1564bc"
    },
    "sourcetools": {
      "Package": "sourcetools",
      "Version": "0.1.7-1",
      "Source": "Repository",
      "Repository": "CRAN",
      "Requirements": [
        "R"
      ],
      "Hash": "5f5a7629f956619d519205ec475fe647"
    },
    "stringi": {
      "Package": "stringi",
      "Version": "1.7.12",
      "Source": "Repository",
      "Repository": "CRAN",
      "Requirements": [
        "R",
        "stats",
        "tools",
        "utils"
      ],
      "Hash": "6187e7a0e16dc100d5f452c273f85ec1"
    },
    "stringr": {
      "Package": "stringr",
      "Version": "1.5.0",
      "Source": "Repository",
      "Repository": "CRAN",
      "Requirements": [
        "R",
        "cli",
        "glue",
        "lifecycle",
        "magrittr",
        "rlang",
        "stringi",
        "vctrs"
      ],
      "Hash": "671a4d384ae9d32fc47a14e98bfa3dc8"
    },
    "sys": {
      "Package": "sys",
      "Version": "3.4.1",
      "Source": "Repository",
      "Repository": "CRAN",
      "Hash": "34c16f1ef796057bfa06d3f4ff818a5d"
    },
    "thematic": {
      "Package": "thematic",
      "Version": "0.1.2.1",
      "Source": "Repository",
      "Repository": "CRAN",
      "Requirements": [
        "R",
        "farver",
        "ggplot2",
        "grDevices",
        "graphics",
        "grid",
        "rappdirs",
        "rlang",
        "rstudioapi",
        "scales",
        "utils"
      ],
      "Hash": "aa9d20d2744874e7a72ce6abfd8717fa"
    },
    "tibble": {
      "Package": "tibble",
      "Version": "3.1.8",
      "Source": "Repository",
      "Repository": "CRAN",
      "Requirements": [
        "R",
        "fansi",
        "lifecycle",
        "magrittr",
        "methods",
        "pillar",
        "pkgconfig",
        "rlang",
        "utils",
        "vctrs"
      ],
      "Hash": "56b6934ef0f8c68225949a8672fe1a8f"
    },
    "tidyr": {
      "Package": "tidyr",
      "Version": "1.3.0",
      "Source": "Repository",
      "Repository": "CRAN",
      "Requirements": [
        "R",
        "cli",
        "cpp11",
        "dplyr",
        "glue",
        "lifecycle",
        "magrittr",
        "purrr",
        "rlang",
        "stringr",
        "tibble",
        "tidyselect",
        "utils",
        "vctrs"
      ],
      "Hash": "e47debdc7ce599b070c8e78e8ac0cfcf"
    },
    "tidyselect": {
      "Package": "tidyselect",
      "Version": "1.2.0",
      "Source": "Repository",
      "Repository": "CRAN",
      "Requirements": [
        "R",
        "cli",
        "glue",
        "lifecycle",
        "rlang",
        "vctrs",
        "withr"
      ],
      "Hash": "79540e5fcd9e0435af547d885f184fd5"
    },
    "tinytex": {
      "Package": "tinytex",
      "Version": "0.44",
      "Source": "Repository",
      "Repository": "CRAN",
      "Requirements": [
        "xfun"
      ],
      "Hash": "63f7c937fe01ef84e0e1380ae0418481"
    },
    "tzdb": {
      "Package": "tzdb",
      "Version": "0.3.0",
      "Source": "Repository",
      "Repository": "CRAN",
      "Requirements": [
        "R",
        "cpp11"
      ],
      "Hash": "b2e1cbce7c903eaf23ec05c58e59fb5e"
    },
    "utf8": {
      "Package": "utf8",
      "Version": "1.2.3",
      "Source": "Repository",
      "Repository": "CRAN",
      "Requirements": [
        "R"
      ],
      "Hash": "1fe17157424bb09c48a8b3b550c753bc"
    },
    "uuid": {
      "Package": "uuid",
      "Version": "1.1-0",
      "Source": "Repository",
      "Repository": "CRAN",
      "Requirements": [
        "R"
      ],
      "Hash": "f1cb46c157d080b729159d407be83496"
    },
    "vctrs": {
      "Package": "vctrs",
      "Version": "0.5.2",
      "Source": "Repository",
      "Repository": "CRAN",
      "Requirements": [
        "R",
        "cli",
        "glue",
        "lifecycle",
        "rlang"
      ],
      "Hash": "e4ffa94ceed5f124d429a5a5f0f5b378"
    },
    "viridis": {
      "Package": "viridis",
      "Version": "0.6.2",
      "Source": "Repository",
      "Repository": "CRAN",
      "Requirements": [
        "R",
        "ggplot2",
        "gridExtra",
        "stats",
        "viridisLite"
      ],
      "Hash": "dca7f4f71fc1074dfb62ea17dbd1af3d"
    },
    "viridisLite": {
      "Package": "viridisLite",
      "Version": "0.4.1",
      "Source": "Repository",
      "Repository": "CRAN",
      "Requirements": [
        "R"
      ],
      "Hash": "68f738cb49e508fe6428620d3fd90f4e"
    },
    "vroom": {
      "Package": "vroom",
      "Version": "1.6.1",
      "Source": "Repository",
      "Repository": "CRAN",
      "Requirements": [
        "R",
        "bit64",
        "cli",
        "cpp11",
        "crayon",
        "glue",
        "hms",
        "lifecycle",
        "methods",
        "progress",
        "rlang",
        "stats",
        "tibble",
        "tidyselect",
        "tzdb",
        "vctrs",
        "withr"
      ],
      "Hash": "91c42fb60200c98d2160a7589285cfa7"
    },
    "withr": {
      "Package": "withr",
      "Version": "2.5.0",
      "Source": "Repository",
      "Repository": "CRAN",
      "Requirements": [
        "R",
        "grDevices",
        "graphics",
        "stats"
      ],
      "Hash": "c0e49a9760983e81e55cdd9be92e7182"
    },
    "xfun": {
      "Package": "xfun",
      "Version": "0.37",
      "Source": "Repository",
      "Repository": "CRAN",
      "Requirements": [
        "stats",
        "tools"
      ],
      "Hash": "d01283c31912415faecb204cb04ac390"
    },
    "xtable": {
      "Package": "xtable",
      "Version": "1.8-4",
      "Source": "Repository",
      "Repository": "CRAN",
      "Requirements": [
        "R",
        "stats",
        "utils"
      ],
      "Hash": "b8acdf8af494d9ec19ccb2481a9b11c2"
    },
    "yaml": {
      "Package": "yaml",
      "Version": "2.3.7",
      "Source": "Repository",
      "Repository": "CRAN",
      "Hash": "3f546de74ddebc291c394d54c6b2f424"
    }
  }
}
